
Microsoft Visual Studio Solution File, Format Version 12.00
# Visual Studio Version 16
VisualStudioVersion = 16.0.29424.173
MinimumVisualStudioVersion = 10.0.40219.1
Project("{FAE04EC0-301F-11D3-BF4B-00C04F79EFBC}") = "App1", "App1\App1.csproj", "{3E2DA76E-BF78-4221-BAEC-4209F12A277D}"
EndProject
Global
	GlobalSection(SolutionConfigurationPlatforms) = preSolution
		Debug|Any CPU = Debug|Any CPU
		Release|Any CPU = Release|Any CPU
	EndGlobalSection
	GlobalSection(ProjectConfigurationPlatforms) = postSolution
		{3E2DA76E-BF78-4221-BAEC-4209F12A277D}.Debug|Any CPU.ActiveCfg = Debug|Any CPU
		{3E2DA76E-BF78-4221-BAEC-4209F12A277D}.Debug|Any CPU.Build.0 = Debug|Any CPU
		{3E2DA76E-BF78-4221-BAEC-4209F12A277D}.Release|Any CPU.ActiveCfg = Release|Any CPU
		{3E2DA76E-BF78-4221-BAEC-4209F12A277D}.Release|Any CPU.Build.0 = Release|Any CPU
	EndGlobalSection
	GlobalSection(SolutionProperties) = preSolution
		HideSolutionNode = FALSE
	EndGlobalSection
	GlobalSection(ExtensibilityGlobals) = postSolution
		SolutionGuid = {578A6F0D-CDFE-4234-91C9-EAC27891FA19}
	EndGlobalSection
EndGlobal
